
Microsoft Visual Studio Solution File, Format Version 12.00
# Visual Studio Version 17
VisualStudioVersion = 17.8.34408.163
MinimumVisualStudioVersion = 10.0.40219.1
Project("{9A19103F-16F7-4668-BE54-9A1E7A4F7556}") = "ManagerApi", "ManagerApi.csproj", "{84D3B2A2-4F31-4670-82B7-BEAD3F854041}"
EndProject
Global
	GlobalSection(SolutionConfigurationPlatforms) = preSolution
		Debug|Any CPU = Debug|Any CPU
		Release|Any CPU = Release|Any CPU
	EndGlobalSection
	GlobalSection(ProjectConfigurationPlatforms) = postSolution
		{84D3B2A2-4F31-4670-82B7-BEAD3F854041}.Debug|Any CPU.ActiveCfg = Debug|Any CPU
		{84D3B2A2-4F31-4670-82B7-BEAD3F854041}.Debug|Any CPU.Build.0 = Debug|Any CPU
		{84D3B2A2-4F31-4670-82B7-BEAD3F854041}.Release|Any CPU.ActiveCfg = Release|Any CPU
		{84D3B2A2-4F31-4670-82B7-BEAD3F854041}.Release|Any CPU.Build.0 = Release|Any CPU
	EndGlobalSection
	GlobalSection(SolutionProperties) = preSolution
		HideSolutionNode = FALSE
	EndGlobalSection
	GlobalSection(ExtensibilityGlobals) = postSolution
		SolutionGuid = {0AB56994-B260-4E34-B574-3EBCD4AC521C}
	EndGlobalSection
EndGlobal
